
Microsoft Visual Studio Solution File, Format Version 12.00
# Visual Studio Version 16
VisualStudioVersion = 16.0.30804.86
MinimumVisualStudioVersion = 10.0.40219.1
Project("{FAE04EC0-301F-11D3-BF4B-00C04F79EFBC}") = "Crypto Profit Calculator", "Crypto Profit Calculator\Crypto Profit Calculator.csproj", "{17F8EE1E-3E7D-48E4-8725-FB6A3F0769B1}"
EndProject
Global
	GlobalSection(SolutionConfigurationPlatforms) = preSolution
		Debug|Any CPU = Debug|Any CPU
		Release|Any CPU = Release|Any CPU
	EndGlobalSection
	GlobalSection(ProjectConfigurationPlatforms) = postSolution
		{17F8EE1E-3E7D-48E4-8725-FB6A3F0769B1}.Debug|Any CPU.ActiveCfg = Debug|Any CPU
		{17F8EE1E-3E7D-48E4-8725-FB6A3F0769B1}.Debug|Any CPU.Build.0 = Debug|Any CPU
		{17F8EE1E-3E7D-48E4-8725-FB6A3F0769B1}.Release|Any CPU.ActiveCfg = Release|Any CPU
		{17F8EE1E-3E7D-48E4-8725-FB6A3F0769B1}.Release|Any CPU.Build.0 = Release|Any CPU
	EndGlobalSection
	GlobalSection(SolutionProperties) = preSolution
		HideSolutionNode = FALSE
	EndGlobalSection
	GlobalSection(ExtensibilityGlobals) = postSolution
		SolutionGuid = {9907678E-735C-4F78-A707-D2FDAB8A57CD}
	EndGlobalSection
EndGlobal
